
Microsoft Visual Studio Solution File, Format Version 12.00
Project("{2150E333-8FDC-42A3-9474-1A3956D46DE8}") = "Solution Items", "Solution Items", "{8E9CFC54-DD48-4326-AF8D-A91FB450BC3C}"
	ProjectSection(SolutionItems) = preProject
		NuGet.config = NuGet.config
		..\.dockerignore = ..\.dockerignore
		..\README.md = ..\README.md
		..\.gitignore = ..\.gitignore
	EndProjectSection
EndProject
Project("{2150E333-8FDC-42A3-9474-1A3956D46DE8}") = "src", "src", "{767C9D03-6698-439D-931E-8AF68D2DA69A}"
EndProject
Project("{2150E333-8FDC-42A3-9474-1A3956D46DE8}") = "Web Apps", "Web Apps", "{657FBC17-6E0B-4B3C-8B82-6F41D0400BB7}"
EndProject
Project("{2150E333-8FDC-42A3-9474-1A3956D46DE8}") = "Tests", "Tests", "{D9C05D23-DDC3-4D77-B557-465CCC849D30}"
EndProject
Project("{FAE04EC0-301F-11D3-BF4B-00C04F79EFBC}") = "Api", "Web\Api\Api.csproj", "{5986F574-767B-4E28-9DA0-C8A2CB72587B}"
EndProject
Project("{2150E333-8FDC-42A3-9474-1A3956D46DE8}") = "Integrations", "Integrations", "{00D5F37E-0A74-4D8A-BF37-2DE8F0AE80F6}"
EndProject
Project("{FAE04EC0-301F-11D3-BF4B-00C04F79EFBC}") = "Company.Integration", "Integrations\Company\Company.Integration\Company.Integration.csproj", "{7DC90C9E-5FBB-4A05-B9C2-8A4A5852EC71}"
EndProject
Project("{2150E333-8FDC-42A3-9474-1A3956D46DE8}") = "Company", "Company", "{3B563B69-E354-452D-A86E-59CCE97E01F1}"
EndProject
Project("{FAE04EC0-301F-11D3-BF4B-00C04F79EFBC}") = "Company.Integration.Infrastructure", "Integrations\Company\Company.Integration.Infrastructure\Company.Integration.Infrastructure.csproj", "{6BFC9C29-8F42-4C8C-B5DF-004CCB3FA34B}"
EndProject
Project("{2150E333-8FDC-42A3-9474-1A3956D46DE8}") = "Core", "Core", "{3796EEEA-B037-467A-AD4A-3D700F4ED094}"
EndProject
Project("{FAE04EC0-301F-11D3-BF4B-00C04F79EFBC}") = "Domain", "Core\Domain\Domain.csproj", "{0430E56D-64AB-48E5-8B89-6BED46B33A5A}"
EndProject
Project("{FAE04EC0-301F-11D3-BF4B-00C04F79EFBC}") = "Services", "Core\Services\Services.csproj", "{A2524843-0EA7-4C96-B98C-14805479DA44}"
EndProject
Project("{FAE04EC0-301F-11D3-BF4B-00C04F79EFBC}") = "IntegrationTests", "Tests\IntegrationTests\IntegrationTests.csproj", "{2CF0B6F4-0DC8-46CF-9771-95D7F7F01220}"
EndProject
Project("{FAE04EC0-301F-11D3-BF4B-00C04F79EFBC}") = "UnitTests", "Tests\UnitTests\UnitTests.csproj", "{15DA10BC-5490-4E79-8A27-745952DE71D0}"
EndProject
Global
	GlobalSection(SolutionConfigurationPlatforms) = preSolution
		Debug|Any CPU = Debug|Any CPU
		Release|Any CPU = Release|Any CPU
	EndGlobalSection
	GlobalSection(NestedProjects) = preSolution
		{657FBC17-6E0B-4B3C-8B82-6F41D0400BB7} = {767C9D03-6698-439D-931E-8AF68D2DA69A}
		{D9C05D23-DDC3-4D77-B557-465CCC849D30} = {767C9D03-6698-439D-931E-8AF68D2DA69A}
		{5986F574-767B-4E28-9DA0-C8A2CB72587B} = {657FBC17-6E0B-4B3C-8B82-6F41D0400BB7}
		{00D5F37E-0A74-4D8A-BF37-2DE8F0AE80F6} = {767C9D03-6698-439D-931E-8AF68D2DA69A}
		{3B563B69-E354-452D-A86E-59CCE97E01F1} = {00D5F37E-0A74-4D8A-BF37-2DE8F0AE80F6}
		{7DC90C9E-5FBB-4A05-B9C2-8A4A5852EC71} = {3B563B69-E354-452D-A86E-59CCE97E01F1}
		{6BFC9C29-8F42-4C8C-B5DF-004CCB3FA34B} = {3B563B69-E354-452D-A86E-59CCE97E01F1}
		{3796EEEA-B037-467A-AD4A-3D700F4ED094} = {767C9D03-6698-439D-931E-8AF68D2DA69A}
		{0430E56D-64AB-48E5-8B89-6BED46B33A5A} = {3796EEEA-B037-467A-AD4A-3D700F4ED094}
		{A2524843-0EA7-4C96-B98C-14805479DA44} = {3796EEEA-B037-467A-AD4A-3D700F4ED094}
		{2CF0B6F4-0DC8-46CF-9771-95D7F7F01220} = {D9C05D23-DDC3-4D77-B557-465CCC849D30}
		{15DA10BC-5490-4E79-8A27-745952DE71D0} = {D9C05D23-DDC3-4D77-B557-465CCC849D30}
	EndGlobalSection
	GlobalSection(ProjectConfigurationPlatforms) = postSolution
		{5986F574-767B-4E28-9DA0-C8A2CB72587B}.Debug|Any CPU.ActiveCfg = Debug|Any CPU
		{5986F574-767B-4E28-9DA0-C8A2CB72587B}.Debug|Any CPU.Build.0 = Debug|Any CPU
		{5986F574-767B-4E28-9DA0-C8A2CB72587B}.Release|Any CPU.ActiveCfg = Release|Any CPU
		{5986F574-767B-4E28-9DA0-C8A2CB72587B}.Release|Any CPU.Build.0 = Release|Any CPU
		{7DC90C9E-5FBB-4A05-B9C2-8A4A5852EC71}.Debug|Any CPU.ActiveCfg = Debug|Any CPU
		{7DC90C9E-5FBB-4A05-B9C2-8A4A5852EC71}.Debug|Any CPU.Build.0 = Debug|Any CPU
		{7DC90C9E-5FBB-4A05-B9C2-8A4A5852EC71}.Release|Any CPU.ActiveCfg = Release|Any CPU
		{7DC90C9E-5FBB-4A05-B9C2-8A4A5852EC71}.Release|Any CPU.Build.0 = Release|Any CPU
		{6BFC9C29-8F42-4C8C-B5DF-004CCB3FA34B}.Debug|Any CPU.ActiveCfg = Debug|Any CPU
		{6BFC9C29-8F42-4C8C-B5DF-004CCB3FA34B}.Debug|Any CPU.Build.0 = Debug|Any CPU
		{6BFC9C29-8F42-4C8C-B5DF-004CCB3FA34B}.Release|Any CPU.ActiveCfg = Release|Any CPU
		{6BFC9C29-8F42-4C8C-B5DF-004CCB3FA34B}.Release|Any CPU.Build.0 = Release|Any CPU
		{0430E56D-64AB-48E5-8B89-6BED46B33A5A}.Debug|Any CPU.ActiveCfg = Debug|Any CPU
		{0430E56D-64AB-48E5-8B89-6BED46B33A5A}.Debug|Any CPU.Build.0 = Debug|Any CPU
		{0430E56D-64AB-48E5-8B89-6BED46B33A5A}.Release|Any CPU.ActiveCfg = Release|Any CPU
		{0430E56D-64AB-48E5-8B89-6BED46B33A5A}.Release|Any CPU.Build.0 = Release|Any CPU
		{A2524843-0EA7-4C96-B98C-14805479DA44}.Debug|Any CPU.ActiveCfg = Debug|Any CPU
		{A2524843-0EA7-4C96-B98C-14805479DA44}.Debug|Any CPU.Build.0 = Debug|Any CPU
		{A2524843-0EA7-4C96-B98C-14805479DA44}.Release|Any CPU.ActiveCfg = Release|Any CPU
		{A2524843-0EA7-4C96-B98C-14805479DA44}.Release|Any CPU.Build.0 = Release|Any CPU
		{2CF0B6F4-0DC8-46CF-9771-95D7F7F01220}.Debug|Any CPU.ActiveCfg = Debug|Any CPU
		{2CF0B6F4-0DC8-46CF-9771-95D7F7F01220}.Debug|Any CPU.Build.0 = Debug|Any CPU
		{2CF0B6F4-0DC8-46CF-9771-95D7F7F01220}.Release|Any CPU.ActiveCfg = Release|Any CPU
		{2CF0B6F4-0DC8-46CF-9771-95D7F7F01220}.Release|Any CPU.Build.0 = Release|Any CPU
		{15DA10BC-5490-4E79-8A27-745952DE71D0}.Debug|Any CPU.ActiveCfg = Debug|Any CPU
		{15DA10BC-5490-4E79-8A27-745952DE71D0}.Debug|Any CPU.Build.0 = Debug|Any CPU
		{15DA10BC-5490-4E79-8A27-745952DE71D0}.Release|Any CPU.ActiveCfg = Release|Any CPU
		{15DA10BC-5490-4E79-8A27-745952DE71D0}.Release|Any CPU.Build.0 = Release|Any CPU
	EndGlobalSection
EndGlobal
